
Microsoft Visual Studio Solution File, Format Version 12.00
# Visual Studio Version 16
VisualStudioVersion = 16.0.30320.27
MinimumVisualStudioVersion = 10.0.40219.1
Project("{FAE04EC0-301F-11D3-BF4B-00C04F79EFBC}") = "ResinaSoft_WinForm", "ResinaSoft_WinForm\ResinaSoft_WinForm.csproj", "{4D759762-01E3-44E9-9F03-CABA0FFFF1D8}"
EndProject
Project("{FAE04EC0-301F-11D3-BF4B-00C04F79EFBC}") = "Textbox_custom", "Textbox_custom\Textbox_custom.csproj", "{A04F81CB-9DD6-411E-960D-07F04D872F5C}"
EndProject
Project("{FAE04EC0-301F-11D3-BF4B-00C04F79EFBC}") = "ResinaSoft.Core", "ResinaSoft.Core\ResinaSoft.Core.csproj", "{621DD39B-79F7-4920-BCE5-8E59B417FC7B}"
EndProject
Global
	GlobalSection(SolutionConfigurationPlatforms) = preSolution
		Debug|Any CPU = Debug|Any CPU
		Release|Any CPU = Release|Any CPU
	EndGlobalSection
	GlobalSection(ProjectConfigurationPlatforms) = postSolution
		{4D759762-01E3-44E9-9F03-CABA0FFFF1D8}.Debug|Any CPU.ActiveCfg = Debug|Any CPU
		{4D759762-01E3-44E9-9F03-CABA0FFFF1D8}.Debug|Any CPU.Build.0 = Debug|Any CPU
		{4D759762-01E3-44E9-9F03-CABA0FFFF1D8}.Release|Any CPU.ActiveCfg = Release|Any CPU
		{4D759762-01E3-44E9-9F03-CABA0FFFF1D8}.Release|Any CPU.Build.0 = Release|Any CPU
		{A04F81CB-9DD6-411E-960D-07F04D872F5C}.Debug|Any CPU.ActiveCfg = Debug|Any CPU
		{A04F81CB-9DD6-411E-960D-07F04D872F5C}.Debug|Any CPU.Build.0 = Debug|Any CPU
		{A04F81CB-9DD6-411E-960D-07F04D872F5C}.Release|Any CPU.ActiveCfg = Release|Any CPU
		{A04F81CB-9DD6-411E-960D-07F04D872F5C}.Release|Any CPU.Build.0 = Release|Any CPU
		{621DD39B-79F7-4920-BCE5-8E59B417FC7B}.Debug|Any CPU.ActiveCfg = Debug|Any CPU
		{621DD39B-79F7-4920-BCE5-8E59B417FC7B}.Debug|Any CPU.Build.0 = Debug|Any CPU
		{621DD39B-79F7-4920-BCE5-8E59B417FC7B}.Release|Any CPU.ActiveCfg = Release|Any CPU
		{621DD39B-79F7-4920-BCE5-8E59B417FC7B}.Release|Any CPU.Build.0 = Release|Any CPU
	EndGlobalSection
	GlobalSection(SolutionProperties) = preSolution
		HideSolutionNode = FALSE
	EndGlobalSection
	GlobalSection(ExtensibilityGlobals) = postSolution
		SolutionGuid = {4178A3C3-EE44-44EA-B9D1-2C758A1A6600}
	EndGlobalSection
EndGlobal
